
Microsoft Visual Studio Solution File, Format Version 11.00
# Visual Studio 2010
Project("{FAE04EC0-301F-11D3-BF4B-00C04F79EFBC}") = "Compute Sum Windows", "Compute Sum Windows\Compute Sum Windows.csproj", "{752D3FE7-F604-46B5-9F12-5F4CA4652D5C}"
EndProject
Global
	GlobalSection(SolutionConfigurationPlatforms) = preSolution
		Debug|x86 = Debug|x86
		Release|x86 = Release|x86
	EndGlobalSection
	GlobalSection(ProjectConfigurationPlatforms) = postSolution
		{752D3FE7-F604-46B5-9F12-5F4CA4652D5C}.Debug|x86.ActiveCfg = Debug|x86
		{752D3FE7-F604-46B5-9F12-5F4CA4652D5C}.Debug|x86.Build.0 = Debug|x86
		{752D3FE7-F604-46B5-9F12-5F4CA4652D5C}.Release|x86.ActiveCfg = Release|x86
		{752D3FE7-F604-46B5-9F12-5F4CA4652D5C}.Release|x86.Build.0 = Release|x86
	EndGlobalSection
	GlobalSection(SolutionProperties) = preSolution
		HideSolutionNode = FALSE
	EndGlobalSection
EndGlobal
