
Microsoft Visual Studio Solution File, Format Version 11.00
# Visual C# Express 2010
Project("{FAE04EC0-301F-11D3-BF4B-00C04F79EFBC}") = "Logo", "Logo\Logo.csproj", "{62BF45F4-A51E-4B46-937D-A48FF45A2231}"
EndProject
Global
	GlobalSection(SolutionConfigurationPlatforms) = preSolution
		Debug|x86 = Debug|x86
		Release|x86 = Release|x86
	EndGlobalSection
	GlobalSection(ProjectConfigurationPlatforms) = postSolution
		{62BF45F4-A51E-4B46-937D-A48FF45A2231}.Debug|x86.ActiveCfg = Debug|x86
		{62BF45F4-A51E-4B46-937D-A48FF45A2231}.Debug|x86.Build.0 = Debug|x86
		{62BF45F4-A51E-4B46-937D-A48FF45A2231}.Release|x86.ActiveCfg = Release|x86
		{62BF45F4-A51E-4B46-937D-A48FF45A2231}.Release|x86.Build.0 = Release|x86
	EndGlobalSection
	GlobalSection(SolutionProperties) = preSolution
		HideSolutionNode = FALSE
	EndGlobalSection
EndGlobal
