
Microsoft Visual Studio Solution File, Format Version 11.00
# Visual Studio 2010
Project("{FAE04EC0-301F-11D3-BF4B-00C04F79EFBC}") = "My First Console Program", "My First Console Program\My First Console Program.csproj", "{62690E06-A730-4ADD-96C0-A91548740643}"
EndProject
Global
	GlobalSection(SolutionConfigurationPlatforms) = preSolution
		Debug|x86 = Debug|x86
		Release|x86 = Release|x86
	EndGlobalSection
	GlobalSection(ProjectConfigurationPlatforms) = postSolution
		{62690E06-A730-4ADD-96C0-A91548740643}.Debug|x86.ActiveCfg = Debug|x86
		{62690E06-A730-4ADD-96C0-A91548740643}.Debug|x86.Build.0 = Debug|x86
		{62690E06-A730-4ADD-96C0-A91548740643}.Release|x86.ActiveCfg = Release|x86
		{62690E06-A730-4ADD-96C0-A91548740643}.Release|x86.Build.0 = Release|x86
	EndGlobalSection
	GlobalSection(SolutionProperties) = preSolution
		HideSolutionNode = FALSE
	EndGlobalSection
EndGlobal
